
Microsoft Visual Studio Solution File, Format Version 11.00
# Visual Studio 2010
Project("{FAE04EC0-301F-11D3-BF4B-00C04F79EFBC}") = "Task1Robot", "Assembly-CSharp.csproj", "{DFA21494-CB6E-EB28-EE35-546F6D2237B1}"
EndProject
Project("{FAE04EC0-301F-11D3-BF4B-00C04F79EFBC}") = "Task1Robot", "Assembly-CSharp-Editor.csproj", "{9120643F-EF43-CA76-0FC4-93EFA3171DC8}"
EndProject
Global
	GlobalSection(SolutionConfigurationPlatforms) = preSolution
		Debug|Any CPU = Debug|Any CPU
		Release|Any CPU = Release|Any CPU
	EndGlobalSection
	GlobalSection(ProjectConfigurationPlatforms) = postSolution
		{DFA21494-CB6E-EB28-EE35-546F6D2237B1}.Debug|Any CPU.ActiveCfg = Debug|Any CPU
		{DFA21494-CB6E-EB28-EE35-546F6D2237B1}.Debug|Any CPU.Build.0 = Debug|Any CPU
		{DFA21494-CB6E-EB28-EE35-546F6D2237B1}.Release|Any CPU.ActiveCfg = Release|Any CPU
		{DFA21494-CB6E-EB28-EE35-546F6D2237B1}.Release|Any CPU.Build.0 = Release|Any CPU
		{9120643F-EF43-CA76-0FC4-93EFA3171DC8}.Debug|Any CPU.ActiveCfg = Debug|Any CPU
		{9120643F-EF43-CA76-0FC4-93EFA3171DC8}.Debug|Any CPU.Build.0 = Debug|Any CPU
		{9120643F-EF43-CA76-0FC4-93EFA3171DC8}.Release|Any CPU.ActiveCfg = Release|Any CPU
		{9120643F-EF43-CA76-0FC4-93EFA3171DC8}.Release|Any CPU.Build.0 = Release|Any CPU
	EndGlobalSection
	GlobalSection(SolutionProperties) = preSolution
		HideSolutionNode = FALSE
	EndGlobalSection
	GlobalSection(MonoDevelopProperties) = preSolution
		StartupItem = Assembly-CSharp.csproj
	EndGlobalSection
EndGlobal
